
Microsoft Visual Studio Solution File, Format Version 12.00
# Visual Studio 2013
VisualStudioVersion = 12.0.30110.0
MinimumVisualStudioVersion = 10.0.40219.1
Project("{FAE04EC0-301F-11D3-BF4B-00C04F79EFBC}") = "PigLatin", "PigLatin\PigLatin.csproj", "{801089A3-E963-4ADD-B6A0-B23B7E2A8F12}"
EndProject
Project("{FAE04EC0-301F-11D3-BF4B-00C04F79EFBC}") = "Levenshtein", "Levenshtein\Levenshtein.csproj", "{1B807F2C-1145-4EA1-A04E-83B418EF3706}"
EndProject
Project("{FAE04EC0-301F-11D3-BF4B-00C04F79EFBC}") = "ContadorBinarioBacktracking", "ContadorBinarioBacktracking\ContadorBinarioBacktracking.csproj", "{1E1E9CE5-6FDE-4ED2-A53B-F3FA55D24985}"
EndProject
Project("{FAE04EC0-301F-11D3-BF4B-00C04F79EFBC}") = "BaconCode", "BaconCode\BaconCode.csproj", "{F29B83C6-888F-415A-8A21-2DD13D5C3118}"
EndProject
Project("{FAE04EC0-301F-11D3-BF4B-00C04F79EFBC}") = "Divisores", "Divisores\Divisores.csproj", "{68C76B1E-049C-49EA-AAA8-5C93AE6155F2}"
EndProject
Project("{FAE04EC0-301F-11D3-BF4B-00C04F79EFBC}") = "FactoresPrimos", "FactoresPrimos\FactoresPrimos.csproj", "{E9ACE026-3DAF-4191-96E1-80F29989448E}"
EndProject
Global
	GlobalSection(SolutionConfigurationPlatforms) = preSolution
		Debug|Any CPU = Debug|Any CPU
		Release|Any CPU = Release|Any CPU
	EndGlobalSection
	GlobalSection(ProjectConfigurationPlatforms) = postSolution
		{801089A3-E963-4ADD-B6A0-B23B7E2A8F12}.Debug|Any CPU.ActiveCfg = Debug|Any CPU
		{801089A3-E963-4ADD-B6A0-B23B7E2A8F12}.Debug|Any CPU.Build.0 = Debug|Any CPU
		{801089A3-E963-4ADD-B6A0-B23B7E2A8F12}.Release|Any CPU.ActiveCfg = Release|Any CPU
		{801089A3-E963-4ADD-B6A0-B23B7E2A8F12}.Release|Any CPU.Build.0 = Release|Any CPU
		{1B807F2C-1145-4EA1-A04E-83B418EF3706}.Debug|Any CPU.ActiveCfg = Debug|Any CPU
		{1B807F2C-1145-4EA1-A04E-83B418EF3706}.Debug|Any CPU.Build.0 = Debug|Any CPU
		{1B807F2C-1145-4EA1-A04E-83B418EF3706}.Release|Any CPU.ActiveCfg = Release|Any CPU
		{1B807F2C-1145-4EA1-A04E-83B418EF3706}.Release|Any CPU.Build.0 = Release|Any CPU
		{1E1E9CE5-6FDE-4ED2-A53B-F3FA55D24985}.Debug|Any CPU.ActiveCfg = Debug|Any CPU
		{1E1E9CE5-6FDE-4ED2-A53B-F3FA55D24985}.Debug|Any CPU.Build.0 = Debug|Any CPU
		{1E1E9CE5-6FDE-4ED2-A53B-F3FA55D24985}.Release|Any CPU.ActiveCfg = Release|Any CPU
		{1E1E9CE5-6FDE-4ED2-A53B-F3FA55D24985}.Release|Any CPU.Build.0 = Release|Any CPU
		{F29B83C6-888F-415A-8A21-2DD13D5C3118}.Debug|Any CPU.ActiveCfg = Debug|Any CPU
		{F29B83C6-888F-415A-8A21-2DD13D5C3118}.Debug|Any CPU.Build.0 = Debug|Any CPU
		{F29B83C6-888F-415A-8A21-2DD13D5C3118}.Release|Any CPU.ActiveCfg = Release|Any CPU
		{F29B83C6-888F-415A-8A21-2DD13D5C3118}.Release|Any CPU.Build.0 = Release|Any CPU
		{68C76B1E-049C-49EA-AAA8-5C93AE6155F2}.Debug|Any CPU.ActiveCfg = Debug|Any CPU
		{68C76B1E-049C-49EA-AAA8-5C93AE6155F2}.Debug|Any CPU.Build.0 = Debug|Any CPU
		{68C76B1E-049C-49EA-AAA8-5C93AE6155F2}.Release|Any CPU.ActiveCfg = Release|Any CPU
		{68C76B1E-049C-49EA-AAA8-5C93AE6155F2}.Release|Any CPU.Build.0 = Release|Any CPU
		{E9ACE026-3DAF-4191-96E1-80F29989448E}.Debug|Any CPU.ActiveCfg = Debug|Any CPU
		{E9ACE026-3DAF-4191-96E1-80F29989448E}.Debug|Any CPU.Build.0 = Debug|Any CPU
		{E9ACE026-3DAF-4191-96E1-80F29989448E}.Release|Any CPU.ActiveCfg = Release|Any CPU
		{E9ACE026-3DAF-4191-96E1-80F29989448E}.Release|Any CPU.Build.0 = Release|Any CPU
	EndGlobalSection
	GlobalSection(SolutionProperties) = preSolution
		HideSolutionNode = FALSE
	EndGlobalSection
EndGlobal
